
Microsoft Visual Studio Solution File, Format Version 12.00
# Visual Studio Version 16
VisualStudioVersion = 16.0.30907.101
MinimumVisualStudioVersion = 10.0.40219.1
Project("{FAE04EC0-301F-11D3-BF4B-00C04F79EFBC}") = "Project", "Project\Project.csproj", "{D479C51C-5B96-4D0E-877D-C646829C04D7}"
EndProject
Global
	GlobalSection(SolutionConfigurationPlatforms) = preSolution
		Debug|Any CPU = Debug|Any CPU
		Release|Any CPU = Release|Any CPU
	EndGlobalSection
	GlobalSection(ProjectConfigurationPlatforms) = postSolution
		{D479C51C-5B96-4D0E-877D-C646829C04D7}.Debug|Any CPU.ActiveCfg = Debug|Any CPU
		{D479C51C-5B96-4D0E-877D-C646829C04D7}.Debug|Any CPU.Build.0 = Debug|Any CPU
		{D479C51C-5B96-4D0E-877D-C646829C04D7}.Release|Any CPU.ActiveCfg = Release|Any CPU
		{D479C51C-5B96-4D0E-877D-C646829C04D7}.Release|Any CPU.Build.0 = Release|Any CPU
	EndGlobalSection
	GlobalSection(SolutionProperties) = preSolution
		HideSolutionNode = FALSE
	EndGlobalSection
	GlobalSection(ExtensibilityGlobals) = postSolution
		SolutionGuid = {5EBEEDC3-0BB7-4D2A-83EA-51398EC99E64}
	EndGlobalSection
EndGlobal
